
Microsoft Visual Studio Solution File, Format Version 12.00
# Visual Studio Version 17
VisualStudioVersion = 17.8.34408.163
MinimumVisualStudioVersion = 10.0.40219.1
Project("{8BC9CEB8-8B4A-11D0-8D11-00A0C91BC942}") = "Spootify", "Spootify\Spootify.vcxproj", "{6C987A43-2BEC-49EE-AD6A-2B32F08AB596}"
EndProject
Global
	GlobalSection(SolutionConfigurationPlatforms) = preSolution
		Debug|x64 = Debug|x64
		Debug|x86 = Debug|x86
		Release|x64 = Release|x64
		Release|x86 = Release|x86
	EndGlobalSection
	GlobalSection(ProjectConfigurationPlatforms) = postSolution
		{6C987A43-2BEC-49EE-AD6A-2B32F08AB596}.Debug|x64.ActiveCfg = Debug|x64
		{6C987A43-2BEC-49EE-AD6A-2B32F08AB596}.Debug|x64.Build.0 = Debug|x64
		{6C987A43-2BEC-49EE-AD6A-2B32F08AB596}.Debug|x86.ActiveCfg = Debug|Win32
		{6C987A43-2BEC-49EE-AD6A-2B32F08AB596}.Debug|x86.Build.0 = Debug|Win32
		{6C987A43-2BEC-49EE-AD6A-2B32F08AB596}.Release|x64.ActiveCfg = Release|x64
		{6C987A43-2BEC-49EE-AD6A-2B32F08AB596}.Release|x64.Build.0 = Release|x64
		{6C987A43-2BEC-49EE-AD6A-2B32F08AB596}.Release|x86.ActiveCfg = Release|Win32
		{6C987A43-2BEC-49EE-AD6A-2B32F08AB596}.Release|x86.Build.0 = Release|Win32
	EndGlobalSection
	GlobalSection(SolutionProperties) = preSolution
		HideSolutionNode = FALSE
	EndGlobalSection
	GlobalSection(ExtensibilityGlobals) = postSolution
		SolutionGuid = {4CE91AFE-4FAD-47EB-8892-A412B61F1BD2}
	EndGlobalSection
EndGlobal
